
Microsoft Visual Studio Solution File, Format Version 12.00
# Visual Studio Version 17
VisualStudioVersion = 17.13.35931.197
MinimumVisualStudioVersion = 10.0.40219.1
Project("{FAE04EC0-301F-11D3-BF4B-00C04F79EFBC}") = "TestAbsa", "TestAbsa\TestAbsa\TestAbsa.csproj", "{B8C4392C-A5B7-4CC2-ABE6-D3B6DCCAB97C}"
EndProject
Project("{FAE04EC0-301F-11D3-BF4B-00C04F79EFBC}") = "TestAbsa.Client", "TestAbsa\TestAbsa.Client\TestAbsa.Client.csproj", "{4DA4B908-E1A1-4169-9B96-6F21DAA0C50E}"
EndProject
Global
	GlobalSection(SolutionConfigurationPlatforms) = preSolution
		Debug|Any CPU = Debug|Any CPU
		Release|Any CPU = Release|Any CPU
	EndGlobalSection
	GlobalSection(ProjectConfigurationPlatforms) = postSolution
		{B8C4392C-A5B7-4CC2-ABE6-D3B6DCCAB97C}.Debug|Any CPU.ActiveCfg = Debug|Any CPU
		{B8C4392C-A5B7-4CC2-ABE6-D3B6DCCAB97C}.Debug|Any CPU.Build.0 = Debug|Any CPU
		{B8C4392C-A5B7-4CC2-ABE6-D3B6DCCAB97C}.Release|Any CPU.ActiveCfg = Release|Any CPU
		{B8C4392C-A5B7-4CC2-ABE6-D3B6DCCAB97C}.Release|Any CPU.Build.0 = Release|Any CPU
		{4DA4B908-E1A1-4169-9B96-6F21DAA0C50E}.Debug|Any CPU.ActiveCfg = Debug|Any CPU
		{4DA4B908-E1A1-4169-9B96-6F21DAA0C50E}.Debug|Any CPU.Build.0 = Debug|Any CPU
		{4DA4B908-E1A1-4169-9B96-6F21DAA0C50E}.Release|Any CPU.ActiveCfg = Release|Any CPU
		{4DA4B908-E1A1-4169-9B96-6F21DAA0C50E}.Release|Any CPU.Build.0 = Release|Any CPU
	EndGlobalSection
	GlobalSection(SolutionProperties) = preSolution
		HideSolutionNode = FALSE
	EndGlobalSection
	GlobalSection(ExtensibilityGlobals) = postSolution
		SolutionGuid = {605BFB6B-2DC3-4614-A70E-69A818FDFDDC}
	EndGlobalSection
EndGlobal
